{
  "requires": true,
  "lockfileVersion": 1,
  "dependencies": {
    "react-native-radio-input": {
      "version": "0.9.4",
      "resolved": "https://registry.npmjs.org/react-native-radio-input/-/react-native-radio-input-0.9.4.tgz",
      "integrity": "sha512-s2+4/LbEUmU4oR37d9CPKEfhGK52u2p8TLVzkDp1WCLEA7lm4gHeJtFRpxEgbADNKRsaQ67LMMDdi+XKz/ZRyw=="
    }
  }
}
